// !$*UTF8*$!
{
	archiveVersion = 1;
	classes = {
	};
	objectVersion = 46;
	objects = {

/* Begin PBXAggregateTarget section */
		56FAB90814DC90BD002E62E6 /* MachMania */ = {
			isa = PBXAggregateTarget;
			buildConfigurationList = 56FAB90914DC90BD002E62E6 /* Build configuration list for PBXAggregateTarget "MachMania" */;
			buildPhases = (
			);
			dependencies = (
				56FAB90D14DC90C6002E62E6 /* PBXTargetDependency */,
				56FAB90F14DC90C8002E62E6 /* PBXTargetDependency */,
			);
			name = MachMania;
			productName = MachMania;
		};
/* End PBXAggregateTarget section */

/* Begin PBXBuildFile section */
		56DF377414DCAB7100BC98C5 /* mach_ipc_server in CopyFiles */ = {isa = PBXBuildFile; fileRef = 56FAB8FE14DC90A3002E62E6 /* mach_ipc_server */; };
		56DF377514DCAB8000BC98C5 /* mach_ipc_client in CopyFiles */ = {isa = PBXBuildFile; fileRef = 56FAB8EF14DC908C002E62E6 /* mach_ipc_client */; };
		56FAB8F414DC908C002E62E6 /* mach_ipc_client.c in Sources */ = {isa = PBXBuildFile; fileRef = 56FAB8F314DC908C002E62E6 /* mach_ipc_client.c */; };
		56FAB90214DC90A3002E62E6 /* mach_ipc_server.c in Sources */ = {isa = PBXBuildFile; fileRef = 56FAB90114DC90A3002E62E6 /* mach_ipc_server.c */; };
		56FE3F1914DD050C005479D3 /* Common.c in Sources */ = {isa = PBXBuildFile; fileRef = 56FE3F1814DD050C005479D3 /* Common.c */; };
		56FE3F1A14DD050C005479D3 /* Common.c in Sources */ = {isa = PBXBuildFile; fileRef = 56FE3F1814DD050C005479D3 /* Common.c */; };
/* End PBXBuildFile section */

/* Begin PBXContainerItemProxy section */
		56FAB90C14DC90C6002E62E6 /* PBXContainerItemProxy */ = {
			isa = PBXContainerItemProxy;
			containerPortal = 56FAB8E414DC9071002E62E6 /* Project object */;
			proxyType = 1;
			remoteGlobalIDString = 56FAB8EE14DC908C002E62E6;
			remoteInfo = mach_ipc_client;
		};
		56FAB90E14DC90C8002E62E6 /* PBXContainerItemProxy */ = {
			isa = PBXContainerItemProxy;
			containerPortal = 56FAB8E414DC9071002E62E6 /* Project object */;
			proxyType = 1;
			remoteGlobalIDString = 56FAB8FD14DC90A3002E62E6;
			remoteInfo = mach_ipc_server;
		};
/* End PBXContainerItemProxy section */

/* Begin PBXCopyFilesBuildPhase section */
		56FAB8ED14DC908C002E62E6 /* CopyFiles */ = {
			isa = PBXCopyFilesBuildPhase;
			buildActionMask = 12;
			dstPath = /tmp;
			dstSubfolderSpec = 0;
			files = (
				56DF377514DCAB8000BC98C5 /* mach_ipc_client in CopyFiles */,
			);
			runOnlyForDeploymentPostprocessing = 0;
		};
		56FAB8FC14DC90A3002E62E6 /* CopyFiles */ = {
			isa = PBXCopyFilesBuildPhase;
			buildActionMask = 12;
			dstPath = /tmp;
			dstSubfolderSpec = 0;
			files = (
				56DF377414DCAB7100BC98C5 /* mach_ipc_server in CopyFiles */,
			);
			runOnlyForDeploymentPostprocessing = 0;
		};
/* End PBXCopyFilesBuildPhase section */

/* Begin PBXFileReference section */
		56DA7CA414DE7AE600E061B1 /* client.d */ = {isa = PBXFileReference; lastKnownFileType = sourcecode.dtrace; name = client.d; path = Dtrace/client.d; sourceTree = "<group>"; };
		56DA7CA514DE7AE600E061B1 /* server.d */ = {isa = PBXFileReference; lastKnownFileType = sourcecode.dtrace; name = server.d; path = Dtrace/server.d; sourceTree = "<group>"; };
		56FAB8EF14DC908C002E62E6 /* mach_ipc_client */ = {isa = PBXFileReference; explicitFileType = "compiled.mach-o.executable"; includeInIndex = 0; path = mach_ipc_client; sourceTree = BUILT_PRODUCTS_DIR; };
		56FAB8F314DC908C002E62E6 /* mach_ipc_client.c */ = {isa = PBXFileReference; lastKnownFileType = sourcecode.c.c; path = mach_ipc_client.c; sourceTree = "<group>"; };
		56FAB8F514DC908C002E62E6 /* mach_ipc_client.1 */ = {isa = PBXFileReference; lastKnownFileType = text.man; path = mach_ipc_client.1; sourceTree = "<group>"; };
		56FAB8FE14DC90A3002E62E6 /* mach_ipc_server */ = {isa = PBXFileReference; explicitFileType = "compiled.mach-o.executable"; includeInIndex = 0; path = mach_ipc_server; sourceTree = BUILT_PRODUCTS_DIR; };
		56FAB90114DC90A3002E62E6 /* mach_ipc_server.c */ = {isa = PBXFileReference; lastKnownFileType = sourcecode.c.c; path = mach_ipc_server.c; sourceTree = "<group>"; };
		56FAB90314DC90A4002E62E6 /* mach_ipc_server.1 */ = {isa = PBXFileReference; lastKnownFileType = text.man; path = mach_ipc_server.1; sourceTree = "<group>"; };
		56FAB91114DC91E1002E62E6 /* Common.h */ = {isa = PBXFileReference; fileEncoding = 4; lastKnownFileType = sourcecode.c.h; path = Common.h; sourceTree = "<group>"; };
		56FE3F1814DD050C005479D3 /* Common.c */ = {isa = PBXFileReference; fileEncoding = 4; lastKnownFileType = sourcecode.c.c; path = Common.c; sourceTree = "<group>"; };
/* End PBXFileReference section */

/* Begin PBXFrameworksBuildPhase section */
		56FAB8EC14DC908C002E62E6 /* Frameworks */ = {
			isa = PBXFrameworksBuildPhase;
			buildActionMask = 2147483647;
			files = (
			);
			runOnlyForDeploymentPostprocessing = 0;
		};
		56FAB8FB14DC90A3002E62E6 /* Frameworks */ = {
			isa = PBXFrameworksBuildPhase;
			buildActionMask = 2147483647;
			files = (
			);
			runOnlyForDeploymentPostprocessing = 0;
		};
/* End PBXFrameworksBuildPhase section */

/* Begin PBXGroup section */
		56DA7C9A14DE7A6000E061B1 /* Dtrace Scripts */ = {
			isa = PBXGroup;
			children = (
				56DA7CA414DE7AE600E061B1 /* client.d */,
				56DA7CA514DE7AE600E061B1 /* server.d */,
			);
			name = "Dtrace Scripts";
			sourceTree = "<group>";
		};
		56FAB8E214DC9071002E62E6 = {
			isa = PBXGroup;
			children = (
				56DA7C9A14DE7A6000E061B1 /* Dtrace Scripts */,
				56FAB91014DC91CC002E62E6 /* Common */,
				56FAB8F214DC908C002E62E6 /* mach_ipc_client */,
				56FAB90014DC90A3002E62E6 /* mach_ipc_server */,
				56FAB8F014DC908C002E62E6 /* Products */,
			);
			sourceTree = "<group>";
		};
		56FAB8F014DC908C002E62E6 /* Products */ = {
			isa = PBXGroup;
			children = (
				56FAB8EF14DC908C002E62E6 /* mach_ipc_client */,
				56FAB8FE14DC90A3002E62E6 /* mach_ipc_server */,
			);
			name = Products;
			sourceTree = "<group>";
		};
		56FAB8F214DC908C002E62E6 /* mach_ipc_client */ = {
			isa = PBXGroup;
			children = (
				56FAB8F314DC908C002E62E6 /* mach_ipc_client.c */,
				56FAB8F514DC908C002E62E6 /* mach_ipc_client.1 */,
			);
			path = mach_ipc_client;
			sourceTree = "<group>";
		};
		56FAB90014DC90A3002E62E6 /* mach_ipc_server */ = {
			isa = PBXGroup;
			children = (
				56FAB90114DC90A3002E62E6 /* mach_ipc_server.c */,
				56FAB90314DC90A4002E62E6 /* mach_ipc_server.1 */,
			);
			path = mach_ipc_server;
			sourceTree = "<group>";
		};
		56FAB91014DC91CC002E62E6 /* Common */ = {
			isa = PBXGroup;
			children = (
				56FAB91114DC91E1002E62E6 /* Common.h */,
				56FE3F1814DD050C005479D3 /* Common.c */,
			);
			name = Common;
			sourceTree = "<group>";
		};
/* End PBXGroup section */

/* Begin PBXNativeTarget section */
		56FAB8EE14DC908C002E62E6 /* mach_ipc_client */ = {
			isa = PBXNativeTarget;
			buildConfigurationList = 56FAB8F714DC908C002E62E6 /* Build configuration list for PBXNativeTarget "mach_ipc_client" */;
			buildPhases = (
				56FAB8EB14DC908C002E62E6 /* Sources */,
				56FAB8EC14DC908C002E62E6 /* Frameworks */,
				56FAB8ED14DC908C002E62E6 /* CopyFiles */,
			);
			buildRules = (
			);
			dependencies = (
			);
			name = mach_ipc_client;
			productName = mach_ipc_client;
			productReference = 56FAB8EF14DC908C002E62E6 /* mach_ipc_client */;
			productType = "com.apple.product-type.tool";
		};
		56FAB8FD14DC90A3002E62E6 /* mach_ipc_server */ = {
			isa = PBXNativeTarget;
			buildConfigurationList = 56FAB90514DC90A4002E62E6 /* Build configuration list for PBXNativeTarget "mach_ipc_server" */;
			buildPhases = (
				56FAB8FA14DC90A3002E62E6 /* Sources */,
				56FAB8FB14DC90A3002E62E6 /* Frameworks */,
				56FAB8FC14DC90A3002E62E6 /* CopyFiles */,
			);
			buildRules = (
			);
			dependencies = (
			);
			name = mach_ipc_server;
			productName = mach_ipc_server;
			productReference = 56FAB8FE14DC90A3002E62E6 /* mach_ipc_server */;
			productType = "com.apple.product-type.tool";
		};
/* End PBXNativeTarget section */

/* Begin PBXProject section */
		56FAB8E414DC9071002E62E6 /* Project object */ = {
			isa = PBXProject;
			attributes = {
				LastUpgradeCheck = 0420;
			};
			buildConfigurationList = 56FAB8E714DC9071002E62E6 /* Build configuration list for PBXProject "MachMania" */;
			compatibilityVersion = "Xcode 3.2";
			developmentRegion = English;
			hasScannedForEncodings = 0;
			knownRegions = (
				en,
			);
			mainGroup = 56FAB8E214DC9071002E62E6;
			productRefGroup = 56FAB8F014DC908C002E62E6 /* Products */;
			projectDirPath = "";
			projectRoot = "";
			targets = (
				56FAB8EE14DC908C002E62E6 /* mach_ipc_client */,
				56FAB8FD14DC90A3002E62E6 /* mach_ipc_server */,
				56FAB90814DC90BD002E62E6 /* MachMania */,
			);
		};
/* End PBXProject section */

/* Begin PBXSourcesBuildPhase section */
		56FAB8EB14DC908C002E62E6 /* Sources */ = {
			isa = PBXSourcesBuildPhase;
			buildActionMask = 2147483647;
			files = (
				56FAB8F414DC908C002E62E6 /* mach_ipc_client.c in Sources */,
				56FE3F1914DD050C005479D3 /* Common.c in Sources */,
			);
			runOnlyForDeploymentPostprocessing = 0;
		};
		56FAB8FA14DC90A3002E62E6 /* Sources */ = {
			isa = PBXSourcesBuildPhase;
			buildActionMask = 2147483647;
			files = (
				56FAB90214DC90A3002E62E6 /* mach_ipc_server.c in Sources */,
				56FE3F1A14DD050C005479D3 /* Common.c in Sources */,
			);
			runOnlyForDeploymentPostprocessing = 0;
		};
/* End PBXSourcesBuildPhase section */

/* Begin PBXTargetDependency section */
		56FAB90D14DC90C6002E62E6 /* PBXTargetDependency */ = {
			isa = PBXTargetDependency;
			target = 56FAB8EE14DC908C002E62E6 /* mach_ipc_client */;
			targetProxy = 56FAB90C14DC90C6002E62E6 /* PBXContainerItemProxy */;
		};
		56FAB90F14DC90C8002E62E6 /* PBXTargetDependency */ = {
			isa = PBXTargetDependency;
			target = 56FAB8FD14DC90A3002E62E6 /* mach_ipc_server */;
			targetProxy = 56FAB90E14DC90C8002E62E6 /* PBXContainerItemProxy */;
		};
/* End PBXTargetDependency section */

/* Begin XCBuildConfiguration section */
		56FAB8E914DC9071002E62E6 /* Debug */ = {
			isa = XCBuildConfiguration;
			buildSettings = {
			};
			name = Debug;
		};
		56FAB8EA14DC9071002E62E6 /* Release */ = {
			isa = XCBuildConfiguration;
			buildSettings = {
			};
			name = Release;
		};
		56FAB8F814DC908C002E62E6 /* Debug */ = {
			isa = XCBuildConfiguration;
			buildSettings = {
				ALWAYS_SEARCH_USER_PATHS = NO;
				ARCHS = "$(ARCHS_STANDARD_64_BIT)";
				COPY_PHASE_STRIP = NO;
				GCC_C_LANGUAGE_STANDARD = gnu99;
				GCC_DYNAMIC_NO_PIC = NO;
				GCC_ENABLE_OBJC_EXCEPTIONS = YES;
				GCC_OPTIMIZATION_LEVEL = 0;
				GCC_PREPROCESSOR_DEFINITIONS = (
					"DEBUG=1",
					"$(inherited)",
				);
				GCC_SYMBOLS_PRIVATE_EXTERN = NO;
				GCC_VERSION = com.apple.compilers.llvm.clang.1_0;
				GCC_WARN_64_TO_32_BIT_CONVERSION = YES;
				GCC_WARN_ABOUT_MISSING_PROTOTYPES = YES;
				GCC_WARN_ABOUT_RETURN_TYPE = YES;
				GCC_WARN_UNUSED_VARIABLE = YES;
				MACOSX_DEPLOYMENT_TARGET = 10.7;
				ONLY_ACTIVE_ARCH = YES;
				PRODUCT_NAME = "$(TARGET_NAME)";
				SDKROOT = macosx;
			};
			name = Debug;
		};
		56FAB8F914DC908C002E62E6 /* Release */ = {
			isa = XCBuildConfiguration;
			buildSettings = {
				ALWAYS_SEARCH_USER_PATHS = NO;
				ARCHS = "$(ARCHS_STANDARD_64_BIT)";
				COPY_PHASE_STRIP = YES;
				DEBUG_INFORMATION_FORMAT = "dwarf-with-dsym";
				GCC_C_LANGUAGE_STANDARD = gnu99;
				GCC_ENABLE_OBJC_EXCEPTIONS = YES;
				GCC_VERSION = com.apple.compilers.llvm.clang.1_0;
				GCC_WARN_64_TO_32_BIT_CONVERSION = YES;
				GCC_WARN_ABOUT_MISSING_PROTOTYPES = YES;
				GCC_WARN_ABOUT_RETURN_TYPE = YES;
				GCC_WARN_UNUSED_VARIABLE = YES;
				MACOSX_DEPLOYMENT_TARGET = 10.7;
				PRODUCT_NAME = "$(TARGET_NAME)";
				SDKROOT = macosx;
			};
			name = Release;
		};
		56FAB90614DC90A4002E62E6 /* Debug */ = {
			isa = XCBuildConfiguration;
			buildSettings = {
				ALWAYS_SEARCH_USER_PATHS = NO;
				ARCHS = "$(ARCHS_STANDARD_64_BIT)";
				COPY_PHASE_STRIP = NO;
				GCC_C_LANGUAGE_STANDARD = gnu99;
				GCC_DYNAMIC_NO_PIC = NO;
				GCC_ENABLE_OBJC_EXCEPTIONS = YES;
				GCC_OPTIMIZATION_LEVEL = 0;
				GCC_PREPROCESSOR_DEFINITIONS = (
					"DEBUG=1",
					"$(inherited)",
				);
				GCC_SYMBOLS_PRIVATE_EXTERN = NO;
				GCC_VERSION = com.apple.compilers.llvm.clang.1_0;
				GCC_WARN_64_TO_32_BIT_CONVERSION = YES;
				GCC_WARN_ABOUT_MISSING_PROTOTYPES = YES;
				GCC_WARN_ABOUT_RETURN_TYPE = YES;
				GCC_WARN_UNUSED_VARIABLE = YES;
				MACOSX_DEPLOYMENT_TARGET = 10.7;
				ONLY_ACTIVE_ARCH = YES;
				PRODUCT_NAME = "$(TARGET_NAME)";
				SDKROOT = macosx;
			};
			name = Debug;
		};
		56FAB90714DC90A4002E62E6 /* Release */ = {
			isa = XCBuildConfiguration;
			buildSettings = {
				ALWAYS_SEARCH_USER_PATHS = NO;
				ARCHS = "$(ARCHS_STANDARD_64_BIT)";
				COPY_PHASE_STRIP = YES;
				DEBUG_INFORMATION_FORMAT = "dwarf-with-dsym";
				GCC_C_LANGUAGE_STANDARD = gnu99;
				GCC_ENABLE_OBJC_EXCEPTIONS = YES;
				GCC_VERSION = com.apple.compilers.llvm.clang.1_0;
				GCC_WARN_64_TO_32_BIT_CONVERSION = YES;
				GCC_WARN_ABOUT_MISSING_PROTOTYPES = YES;
				GCC_WARN_ABOUT_RETURN_TYPE = YES;
				GCC_WARN_UNUSED_VARIABLE = YES;
				MACOSX_DEPLOYMENT_TARGET = 10.7;
				PRODUCT_NAME = "$(TARGET_NAME)";
				SDKROOT = macosx;
			};
			name = Release;
		};
		56FAB90A14DC90BD002E62E6 /* Debug */ = {
			isa = XCBuildConfiguration;
			buildSettings = {
				PRODUCT_NAME = "$(TARGET_NAME)";
			};
			name = Debug;
		};
		56FAB90B14DC90BD002E62E6 /* Release */ = {
			isa = XCBuildConfiguration;
			buildSettings = {
				PRODUCT_NAME = "$(TARGET_NAME)";
			};
			name = Release;
		};
/* End XCBuildConfiguration section */

/* Begin XCConfigurationList section */
		56FAB8E714DC9071002E62E6 /* Build configuration list for PBXProject "MachMania" */ = {
			isa = XCConfigurationList;
			buildConfigurations = (
				56FAB8E914DC9071002E62E6 /* Debug */,
				56FAB8EA14DC9071002E62E6 /* Release */,
			);
			defaultConfigurationIsVisible = 0;
			defaultConfigurationName = Release;
		};
		56FAB8F714DC908C002E62E6 /* Build configuration list for PBXNativeTarget "mach_ipc_client" */ = {
			isa = XCConfigurationList;
			buildConfigurations = (
				56FAB8F814DC908C002E62E6 /* Debug */,
				56FAB8F914DC908C002E62E6 /* Release */,
			);
			defaultConfigurationIsVisible = 0;
			defaultConfigurationName = Release;
		};
		56FAB90514DC90A4002E62E6 /* Build configuration list for PBXNativeTarget "mach_ipc_server" */ = {
			isa = XCConfigurationList;
			buildConfigurations = (
				56FAB90614DC90A4002E62E6 /* Debug */,
				56FAB90714DC90A4002E62E6 /* Release */,
			);
			defaultConfigurationIsVisible = 0;
			defaultConfigurationName = Release;
		};
		56FAB90914DC90BD002E62E6 /* Build configuration list for PBXAggregateTarget "MachMania" */ = {
			isa = XCConfigurationList;
			buildConfigurations = (
				56FAB90A14DC90BD002E62E6 /* Debug */,
				56FAB90B14DC90BD002E62E6 /* Release */,
			);
			defaultConfigurationIsVisible = 0;
			defaultConfigurationName = Release;
		};
/* End XCConfigurationList section */
	};
	rootObject = 56FAB8E414DC9071002E62E6 /* Project object */;
}
