// !$*UTF8*$!
{
	archiveVersion = 1;
	classes = {
	};
	objectVersion = 46;
	objects = {

/* Begin PBXGroup section */
		56FAB8E214DC9071002E62E6 = {
			isa = PBXGroup;
			children = (
			);
			sourceTree = "<group>";
		};
/* End PBXGroup section */

/* Begin PBXProject section */
		56FAB8E414DC9071002E62E6 /* Project object */ = {
			isa = PBXProject;
			attributes = {
				LastUpgradeCheck = 0420;
			};
			buildConfigurationList = 56FAB8E714DC9071002E62E6 /* Build configuration list for PBXProject "MachMania" */;
			compatibilityVersion = "Xcode 3.2";
			developmentRegion = English;
			hasScannedForEncodings = 0;
			knownRegions = (
				en,
			);
			mainGroup = 56FAB8E214DC9071002E62E6;
			projectDirPath = "";
			projectRoot = "";
			targets = (
			);
		};
/* End PBXProject section */

/* Begin XCBuildConfiguration section */
		56FAB8E914DC9071002E62E6 /* Debug */ = {
			isa = XCBuildConfiguration;
			buildSettings = {
			};
			name = Debug;
		};
		56FAB8EA14DC9071002E62E6 /* Release */ = {
			isa = XCBuildConfiguration;
			buildSettings = {
			};
			name = Release;
		};
/* End XCBuildConfiguration section */

/* Begin XCConfigurationList section */
		56FAB8E714DC9071002E62E6 /* Build configuration list for PBXProject "MachMania" */ = {
			isa = XCConfigurationList;
			buildConfigurations = (
				56FAB8E914DC9071002E62E6 /* Debug */,
				56FAB8EA14DC9071002E62E6 /* Release */,
			);
			defaultConfigurationIsVisible = 0;
			defaultConfigurationName = Release;
		};
/* End XCConfigurationList section */
	};
	rootObject = 56FAB8E414DC9071002E62E6 /* Project object */;
}
